
Microsoft Visual Studio Solution File, Format Version 12.00
# Visual Studio Version 17
VisualStudioVersion = 17.3.32929.385
MinimumVisualStudioVersion = 10.0.40219.1
Project("{9A19103F-16F7-4668-BE54-9A1E7A4F7556}") = "AudioVisualizer", "AudioVisualizer\AudioVisualizer.csproj", "{D413F08A-60A2-4617-880C-BF303397AF2C}"
EndProject
Project("{9A19103F-16F7-4668-BE54-9A1E7A4F7556}") = "AudioVisualizerWpf", "WpfAudioVisualizer\AudioVisualizerWpf.csproj", "{459FE289-A8E1-4BEC-9113-FC42B9CE9436}"
EndProject
Project("{9A19103F-16F7-4668-BE54-9A1E7A4F7556}") = "LibAudioVisualizer", "LibAudioVisualizer\LibAudioVisualizer.csproj", "{15A2D4B9-BD52-411F-96E9-2BFACFEC4579}"
EndProject
Project("{9A19103F-16F7-4668-BE54-9A1E7A4F7556}") = "AudioVisualizerDx", "AudioVisualizerDx\AudioVisualizerDx.csproj", "{20B17F7E-11C3-4E46-9E79-DE9A3B25B640}"
EndProject
Project("{2150E333-8FDC-42A3-9474-1A3956D46DE8}") = "Solution Items", "Solution Items", "{F54E0AE6-96AB-42EA-AFD1-37F1BCBAD304}"
	ProjectSection(SolutionItems) = preProject
		readme.md = readme.md
	EndProjectSection
EndProject
Project("{9A19103F-16F7-4668-BE54-9A1E7A4F7556}") = "AudioVisualizerGL", "AudioVisualizerGL\AudioVisualizerGL.csproj", "{EC24D98A-2776-400D-8494-7B8C954EAF84}"
EndProject
Project("{9A19103F-16F7-4668-BE54-9A1E7A4F7556}") = "AudioVisualizerDxDesktop", "AudioVisualizerDxDesktop\AudioVisualizerDxDesktop.csproj", "{4398D445-4BE7-4671-83C1-BA7320BEF1EE}"
EndProject
Project("{9A19103F-16F7-4668-BE54-9A1E7A4F7556}") = "LibDynamics", "LibDynamics\LibDynamics.csproj", "{F31F51C2-25D8-4AF1-891C-01087BB7E5EC}"
EndProject
Project("{FAE04EC0-301F-11D3-BF4B-00C04F79EFBC}") = "LibAudioVisualizer.WPF", "LibAudioVisualizer.WPF\LibAudioVisualizer.WPF.csproj", "{1AAE7FAE-7034-496A-BE3D-9806A85266BB}"
EndProject
Global
	GlobalSection(SolutionConfigurationPlatforms) = preSolution
		Debug|Any CPU = Debug|Any CPU
		Release|Any CPU = Release|Any CPU
	EndGlobalSection
	GlobalSection(ProjectConfigurationPlatforms) = postSolution
		{D413F08A-60A2-4617-880C-BF303397AF2C}.Debug|Any CPU.ActiveCfg = Debug|Any CPU
		{D413F08A-60A2-4617-880C-BF303397AF2C}.Debug|Any CPU.Build.0 = Debug|Any CPU
		{D413F08A-60A2-4617-880C-BF303397AF2C}.Release|Any CPU.ActiveCfg = Release|Any CPU
		{D413F08A-60A2-4617-880C-BF303397AF2C}.Release|Any CPU.Build.0 = Release|Any CPU
		{459FE289-A8E1-4BEC-9113-FC42B9CE9436}.Debug|Any CPU.ActiveCfg = Debug|Any CPU
		{459FE289-A8E1-4BEC-9113-FC42B9CE9436}.Debug|Any CPU.Build.0 = Debug|Any CPU
		{459FE289-A8E1-4BEC-9113-FC42B9CE9436}.Release|Any CPU.ActiveCfg = Release|Any CPU
		{459FE289-A8E1-4BEC-9113-FC42B9CE9436}.Release|Any CPU.Build.0 = Release|Any CPU
		{15A2D4B9-BD52-411F-96E9-2BFACFEC4579}.Debug|Any CPU.ActiveCfg = Debug|Any CPU
		{15A2D4B9-BD52-411F-96E9-2BFACFEC4579}.Debug|Any CPU.Build.0 = Debug|Any CPU
		{15A2D4B9-BD52-411F-96E9-2BFACFEC4579}.Release|Any CPU.ActiveCfg = Release|Any CPU
		{15A2D4B9-BD52-411F-96E9-2BFACFEC4579}.Release|Any CPU.Build.0 = Release|Any CPU
		{20B17F7E-11C3-4E46-9E79-DE9A3B25B640}.Debug|Any CPU.ActiveCfg = Debug|Any CPU
		{20B17F7E-11C3-4E46-9E79-DE9A3B25B640}.Debug|Any CPU.Build.0 = Debug|Any CPU
		{20B17F7E-11C3-4E46-9E79-DE9A3B25B640}.Release|Any CPU.ActiveCfg = Release|Any CPU
		{20B17F7E-11C3-4E46-9E79-DE9A3B25B640}.Release|Any CPU.Build.0 = Release|Any CPU
		{EC24D98A-2776-400D-8494-7B8C954EAF84}.Debug|Any CPU.ActiveCfg = Debug|Any CPU
		{EC24D98A-2776-400D-8494-7B8C954EAF84}.Debug|Any CPU.Build.0 = Debug|Any CPU
		{EC24D98A-2776-400D-8494-7B8C954EAF84}.Release|Any CPU.ActiveCfg = Release|Any CPU
		{EC24D98A-2776-400D-8494-7B8C954EAF84}.Release|Any CPU.Build.0 = Release|Any CPU
		{4398D445-4BE7-4671-83C1-BA7320BEF1EE}.Debug|Any CPU.ActiveCfg = Debug|Any CPU
		{4398D445-4BE7-4671-83C1-BA7320BEF1EE}.Debug|Any CPU.Build.0 = Debug|Any CPU
		{4398D445-4BE7-4671-83C1-BA7320BEF1EE}.Release|Any CPU.ActiveCfg = Release|Any CPU
		{4398D445-4BE7-4671-83C1-BA7320BEF1EE}.Release|Any CPU.Build.0 = Release|Any CPU
		{F31F51C2-25D8-4AF1-891C-01087BB7E5EC}.Debug|Any CPU.ActiveCfg = Debug|Any CPU
		{F31F51C2-25D8-4AF1-891C-01087BB7E5EC}.Debug|Any CPU.Build.0 = Debug|Any CPU
		{F31F51C2-25D8-4AF1-891C-01087BB7E5EC}.Release|Any CPU.ActiveCfg = Release|Any CPU
		{F31F51C2-25D8-4AF1-891C-01087BB7E5EC}.Release|Any CPU.Build.0 = Release|Any CPU
		{1AAE7FAE-7034-496A-BE3D-9806A85266BB}.Debug|Any CPU.ActiveCfg = Debug|Any CPU
		{1AAE7FAE-7034-496A-BE3D-9806A85266BB}.Debug|Any CPU.Build.0 = Debug|Any CPU
		{1AAE7FAE-7034-496A-BE3D-9806A85266BB}.Release|Any CPU.ActiveCfg = Release|Any CPU
		{1AAE7FAE-7034-496A-BE3D-9806A85266BB}.Release|Any CPU.Build.0 = Release|Any CPU
	EndGlobalSection
	GlobalSection(SolutionProperties) = preSolution
		HideSolutionNode = FALSE
	EndGlobalSection
	GlobalSection(ExtensibilityGlobals) = postSolution
		SolutionGuid = {5339D678-7325-4FD8-A49D-47B54E59D8E6}
	EndGlobalSection
EndGlobal
